Microsoft Visual Studio Solution File, Format Version 11.00
# Visual Studio 2008

Project("{A9EA3ACE-6170-1E1A-88A2-16BAC86AAD96}") = "Sinusitus", "Assembly-CSharp-firstpass.csproj", "{7F5668D2-2E9B-FD95-7A9B-5CBF3E8F0306}"
EndProject
Project("{A9EA3ACE-6170-1E1A-88A2-16BAC86AAD96}") = "Sinusitus", "Assembly-CSharp.csproj", "{C9DFCB2F-D6AC-CB30-354D-AA98F2DC804E}"
EndProject
Project("{A9EA3ACE-6170-1E1A-88A2-16BAC86AAD96}") = "Sinusitus", "Assembly-CSharp-Editor.csproj", "{A824DAA1-5C79-0D96-DBBA-D70869C7FEBE}"
EndProject
Global
	GlobalSection(SolutionConfigurationPlatforms) = preSolution
		Debug|Any CPU = Debug|Any CPU
		Release|Any CPU = Release|Any CPU
	EndGlobalSection
	GlobalSection(ProjectConfigurationPlatforms) = postSolution
		{7F5668D2-2E9B-FD95-7A9B-5CBF3E8F0306}.Debug|Any CPU.ActiveCfg = Debug|Any CPU
		{7F5668D2-2E9B-FD95-7A9B-5CBF3E8F0306}.Debug|Any CPU.Build.0 = Debug|Any CPU
		{7F5668D2-2E9B-FD95-7A9B-5CBF3E8F0306}.Release|Any CPU.ActiveCfg = Release|Any CPU
		{7F5668D2-2E9B-FD95-7A9B-5CBF3E8F0306}.Release|Any CPU.Build.0 = Release|Any CPU
		{C9DFCB2F-D6AC-CB30-354D-AA98F2DC804E}.Debug|Any CPU.ActiveCfg = Debug|Any CPU
		{C9DFCB2F-D6AC-CB30-354D-AA98F2DC804E}.Debug|Any CPU.Build.0 = Debug|Any CPU
		{C9DFCB2F-D6AC-CB30-354D-AA98F2DC804E}.Release|Any CPU.ActiveCfg = Release|Any CPU
		{C9DFCB2F-D6AC-CB30-354D-AA98F2DC804E}.Release|Any CPU.Build.0 = Release|Any CPU
		{A824DAA1-5C79-0D96-DBBA-D70869C7FEBE}.Debug|Any CPU.ActiveCfg = Debug|Any CPU
		{A824DAA1-5C79-0D96-DBBA-D70869C7FEBE}.Debug|Any CPU.Build.0 = Debug|Any CPU
		{A824DAA1-5C79-0D96-DBBA-D70869C7FEBE}.Release|Any CPU.ActiveCfg = Release|Any CPU
		{A824DAA1-5C79-0D96-DBBA-D70869C7FEBE}.Release|Any CPU.Build.0 = Release|Any CPU
	EndGlobalSection
	GlobalSection(SolutionProperties) = preSolution
		HideSolutionNode = FALSE
	EndGlobalSection
	GlobalSection(MonoDevelopProperties) = preSolution
		StartupItem = Assembly-CSharp.csproj
	EndGlobalSection
EndGlobal
